
Microsoft Visual Studio Solution File, Format Version 12.00
# Visual Studio Version 17
VisualStudioVersion = 17.3.32825.248
MinimumVisualStudioVersion = 10.0.40219.1
Project("{54A90642-561A-4BB1-A94E-469ADEE60C69}") = "NowEvent.React", "React\NowEvent.React.esproj", "{C1C0BDD6-13A0-48B1-B39C-9C89B40D9793}"
EndProject
Project("{9A19103F-16F7-4668-BE54-9A1E7A4F7556}") = "NowEvent.Data", "NowEvent.Data\NowEvent.Data.csproj", "{4F235BE2-664F-4323-8CF5-A53E1A79401C}"
EndProject
Project("{9A19103F-16F7-4668-BE54-9A1E7A4F7556}") = "NowEvent.Models", "NowEvent.Models\NowEvent.Models.csproj", "{8460C3FA-D76C-455C-89B3-CC19337AB090}"
EndProject
Project("{9A19103F-16F7-4668-BE54-9A1E7A4F7556}") = "NowEvent.Test", "NowEvent.Test\NowEvent.Test.csproj", "{41D021E3-6FCF-4CF2-A542-983F9D26A1B2}"
EndProject
Project("{9A19103F-16F7-4668-BE54-9A1E7A4F7556}") = "NowEvent.Validators", "NowEvent.Validators\NowEvent.Validators.csproj", "{6B26F339-9F32-4321-9C16-A4F90E8F63E7}"
EndProject
Project("{9A19103F-16F7-4668-BE54-9A1E7A4F7556}") = "NowEvent", "NowEvent\NowEvent.csproj", "{9DB383F5-7745-449C-BC0A-F9B8D8C46DEB}"
EndProject
Global
	GlobalSection(SolutionConfigurationPlatforms) = preSolution
		Debug|Any CPU = Debug|Any CPU
		Release|Any CPU = Release|Any CPU
	EndGlobalSection
	GlobalSection(ProjectConfigurationPlatforms) = postSolution
		{C1C0BDD6-13A0-48B1-B39C-9C89B40D9793}.Debug|Any CPU.ActiveCfg = Debug|Any CPU
		{C1C0BDD6-13A0-48B1-B39C-9C89B40D9793}.Debug|Any CPU.Build.0 = Debug|Any CPU
		{C1C0BDD6-13A0-48B1-B39C-9C89B40D9793}.Debug|Any CPU.Deploy.0 = Debug|Any CPU
		{C1C0BDD6-13A0-48B1-B39C-9C89B40D9793}.Release|Any CPU.ActiveCfg = Release|Any CPU
		{C1C0BDD6-13A0-48B1-B39C-9C89B40D9793}.Release|Any CPU.Build.0 = Release|Any CPU
		{C1C0BDD6-13A0-48B1-B39C-9C89B40D9793}.Release|Any CPU.Deploy.0 = Release|Any CPU
		{4F235BE2-664F-4323-8CF5-A53E1A79401C}.Debug|Any CPU.ActiveCfg = Debug|Any CPU
		{4F235BE2-664F-4323-8CF5-A53E1A79401C}.Debug|Any CPU.Build.0 = Debug|Any CPU
		{4F235BE2-664F-4323-8CF5-A53E1A79401C}.Release|Any CPU.ActiveCfg = Release|Any CPU
		{4F235BE2-664F-4323-8CF5-A53E1A79401C}.Release|Any CPU.Build.0 = Release|Any CPU
		{8460C3FA-D76C-455C-89B3-CC19337AB090}.Debug|Any CPU.ActiveCfg = Debug|Any CPU
		{8460C3FA-D76C-455C-89B3-CC19337AB090}.Debug|Any CPU.Build.0 = Debug|Any CPU
		{8460C3FA-D76C-455C-89B3-CC19337AB090}.Release|Any CPU.ActiveCfg = Release|Any CPU
		{8460C3FA-D76C-455C-89B3-CC19337AB090}.Release|Any CPU.Build.0 = Release|Any CPU
		{41D021E3-6FCF-4CF2-A542-983F9D26A1B2}.Debug|Any CPU.ActiveCfg = Debug|Any CPU
		{41D021E3-6FCF-4CF2-A542-983F9D26A1B2}.Debug|Any CPU.Build.0 = Debug|Any CPU
		{41D021E3-6FCF-4CF2-A542-983F9D26A1B2}.Release|Any CPU.ActiveCfg = Release|Any CPU
		{41D021E3-6FCF-4CF2-A542-983F9D26A1B2}.Release|Any CPU.Build.0 = Release|Any CPU
		{6B26F339-9F32-4321-9C16-A4F90E8F63E7}.Debug|Any CPU.ActiveCfg = Debug|Any CPU
		{6B26F339-9F32-4321-9C16-A4F90E8F63E7}.Debug|Any CPU.Build.0 = Debug|Any CPU
		{6B26F339-9F32-4321-9C16-A4F90E8F63E7}.Release|Any CPU.ActiveCfg = Release|Any CPU
		{6B26F339-9F32-4321-9C16-A4F90E8F63E7}.Release|Any CPU.Build.0 = Release|Any CPU
		{9DB383F5-7745-449C-BC0A-F9B8D8C46DEB}.Debug|Any CPU.ActiveCfg = Debug|Any CPU
		{9DB383F5-7745-449C-BC0A-F9B8D8C46DEB}.Debug|Any CPU.Build.0 = Debug|Any CPU
		{9DB383F5-7745-449C-BC0A-F9B8D8C46DEB}.Release|Any CPU.ActiveCfg = Release|Any CPU
		{9DB383F5-7745-449C-BC0A-F9B8D8C46DEB}.Release|Any CPU.Build.0 = Release|Any CPU
	EndGlobalSection
	GlobalSection(SolutionProperties) = preSolution
		HideSolutionNode = FALSE
	EndGlobalSection
	GlobalSection(ExtensibilityGlobals) = postSolution
		SolutionGuid = {33E781F7-EB20-4242-91C2-014C4C67EA21}
	EndGlobalSection
EndGlobal
