
Microsoft Visual Studio Solution File, Format Version 12.00
# Visual Studio Version 17
VisualStudioVersion = 17.3.32825.248
MinimumVisualStudioVersion = 10.0.40219.1
Project("{54A90642-561A-4BB1-A94E-469ADEE60C69}") = "reactproject4", "React\reactproject4.esproj", "{C1C0BDD6-13A0-48B1-B39C-9C89B40D9793}"
EndProject
Project("{9A19103F-16F7-4668-BE54-9A1E7A4F7556}") = "WebApplication2", "WebApplication2\WebApplication2.csproj", "{495AD58E-1E21-48D9-90DF-179B9CA61D10}"
EndProject
Project("{9A19103F-16F7-4668-BE54-9A1E7A4F7556}") = "WebApplication2.Data", "WebApplication2.Data\WebApplication2.Data.csproj", "{D96296E5-9DDD-4F7F-944B-D6C87795C456}"
EndProject
Project("{9A19103F-16F7-4668-BE54-9A1E7A4F7556}") = "WebApplication2.Models", "WebApplication2.Models\WebApplication2.Models.csproj", "{60237B49-920B-46DF-A6E2-94AF758AF253}"
EndProject
Project("{9A19103F-16F7-4668-BE54-9A1E7A4F7556}") = "NowEvent.Validators", "Validators\NowEvent.Validators.csproj", "{5A158192-976A-4C35-9F43-BC047E848274}"
EndProject
Project("{FAE04EC0-301F-11D3-BF4B-00C04F79EFBC}") = "NewEventTest", "NewEventTest\NewEventTest.csproj", "{AFCC4A1A-8EAC-4324-A5F3-3C559F14DDE0}"
EndProject
Global
	GlobalSection(SolutionConfigurationPlatforms) = preSolution
		Debug|Any CPU = Debug|Any CPU
		Release|Any CPU = Release|Any CPU
	EndGlobalSection
	GlobalSection(ProjectConfigurationPlatforms) = postSolution
		{C1C0BDD6-13A0-48B1-B39C-9C89B40D9793}.Debug|Any CPU.ActiveCfg = Debug|Any CPU
		{C1C0BDD6-13A0-48B1-B39C-9C89B40D9793}.Debug|Any CPU.Build.0 = Debug|Any CPU
		{C1C0BDD6-13A0-48B1-B39C-9C89B40D9793}.Debug|Any CPU.Deploy.0 = Debug|Any CPU
		{C1C0BDD6-13A0-48B1-B39C-9C89B40D9793}.Release|Any CPU.ActiveCfg = Release|Any CPU
		{C1C0BDD6-13A0-48B1-B39C-9C89B40D9793}.Release|Any CPU.Build.0 = Release|Any CPU
		{C1C0BDD6-13A0-48B1-B39C-9C89B40D9793}.Release|Any CPU.Deploy.0 = Release|Any CPU
		{495AD58E-1E21-48D9-90DF-179B9CA61D10}.Debug|Any CPU.ActiveCfg = Debug|Any CPU
		{495AD58E-1E21-48D9-90DF-179B9CA61D10}.Debug|Any CPU.Build.0 = Debug|Any CPU
		{495AD58E-1E21-48D9-90DF-179B9CA61D10}.Release|Any CPU.ActiveCfg = Release|Any CPU
		{495AD58E-1E21-48D9-90DF-179B9CA61D10}.Release|Any CPU.Build.0 = Release|Any CPU
		{D96296E5-9DDD-4F7F-944B-D6C87795C456}.Debug|Any CPU.ActiveCfg = Debug|Any CPU
		{D96296E5-9DDD-4F7F-944B-D6C87795C456}.Debug|Any CPU.Build.0 = Debug|Any CPU
		{D96296E5-9DDD-4F7F-944B-D6C87795C456}.Release|Any CPU.ActiveCfg = Release|Any CPU
		{D96296E5-9DDD-4F7F-944B-D6C87795C456}.Release|Any CPU.Build.0 = Release|Any CPU
		{60237B49-920B-46DF-A6E2-94AF758AF253}.Debug|Any CPU.ActiveCfg = Debug|Any CPU
		{60237B49-920B-46DF-A6E2-94AF758AF253}.Debug|Any CPU.Build.0 = Debug|Any CPU
		{60237B49-920B-46DF-A6E2-94AF758AF253}.Release|Any CPU.ActiveCfg = Release|Any CPU
		{60237B49-920B-46DF-A6E2-94AF758AF253}.Release|Any CPU.Build.0 = Release|Any CPU
		{5A158192-976A-4C35-9F43-BC047E848274}.Debug|Any CPU.ActiveCfg = Debug|Any CPU
		{5A158192-976A-4C35-9F43-BC047E848274}.Debug|Any CPU.Build.0 = Debug|Any CPU
		{5A158192-976A-4C35-9F43-BC047E848274}.Release|Any CPU.ActiveCfg = Release|Any CPU
		{5A158192-976A-4C35-9F43-BC047E848274}.Release|Any CPU.Build.0 = Release|Any CPU
		{AFCC4A1A-8EAC-4324-A5F3-3C559F14DDE0}.Debug|Any CPU.ActiveCfg = Debug|Any CPU
		{AFCC4A1A-8EAC-4324-A5F3-3C559F14DDE0}.Debug|Any CPU.Build.0 = Debug|Any CPU
		{AFCC4A1A-8EAC-4324-A5F3-3C559F14DDE0}.Release|Any CPU.ActiveCfg = Release|Any CPU
		{AFCC4A1A-8EAC-4324-A5F3-3C559F14DDE0}.Release|Any CPU.Build.0 = Release|Any CPU
	EndGlobalSection
	GlobalSection(SolutionProperties) = preSolution
		HideSolutionNode = FALSE
	EndGlobalSection
	GlobalSection(ExtensibilityGlobals) = postSolution
		SolutionGuid = {33E781F7-EB20-4242-91C2-014C4C67EA21}
	EndGlobalSection
EndGlobal
